
Microsoft Visual Studio Solution File, Format Version 12.00
# Visual Studio Version 17
VisualStudioVersion = 17.3.32922.545
MinimumVisualStudioVersion = 10.0.40219.1
Project("{9A19103F-16F7-4668-BE54-9A1E7A4F7556}") = "WebSiteScrapper", "WebSiteScrapper\WebSiteScrapper.csproj", "{2A44FD97-4BC1-4C02-8D49-6405F7A1B411}"
EndProject
Project("{FAE04EC0-301F-11D3-BF4B-00C04F79EFBC}") = "WebSiteScrapperTests", "WebSiteScrapperTests\WebSiteScrapperTests.csproj", "{AB51FFDE-F5B8-408C-9589-5A26EA153C4A}"
EndProject
Global
	GlobalSection(SolutionConfigurationPlatforms) = preSolution
		Debug|Any CPU = Debug|Any CPU
		Release|Any CPU = Release|Any CPU
	EndGlobalSection
	GlobalSection(ProjectConfigurationPlatforms) = postSolution
		{2A44FD97-4BC1-4C02-8D49-6405F7A1B411}.Debug|Any CPU.ActiveCfg = Debug|Any CPU
		{2A44FD97-4BC1-4C02-8D49-6405F7A1B411}.Debug|Any CPU.Build.0 = Debug|Any CPU
		{2A44FD97-4BC1-4C02-8D49-6405F7A1B411}.Release|Any CPU.ActiveCfg = Release|Any CPU
		{2A44FD97-4BC1-4C02-8D49-6405F7A1B411}.Release|Any CPU.Build.0 = Release|Any CPU
		{AB51FFDE-F5B8-408C-9589-5A26EA153C4A}.Debug|Any CPU.ActiveCfg = Debug|Any CPU
		{AB51FFDE-F5B8-408C-9589-5A26EA153C4A}.Debug|Any CPU.Build.0 = Debug|Any CPU
		{AB51FFDE-F5B8-408C-9589-5A26EA153C4A}.Release|Any CPU.ActiveCfg = Release|Any CPU
		{AB51FFDE-F5B8-408C-9589-5A26EA153C4A}.Release|Any CPU.Build.0 = Release|Any CPU
	EndGlobalSection
	GlobalSection(SolutionProperties) = preSolution
		HideSolutionNode = FALSE
	EndGlobalSection
	GlobalSection(ExtensibilityGlobals) = postSolution
		SolutionGuid = {98D12ECF-6656-4852-A0EF-C7054B7AB9AB}
	EndGlobalSection
EndGlobal
